
Microsoft Visual Studio Solution File, Format Version 12.00
# Visual Studio Version 16
VisualStudioVersion = 16.0.30128.74
MinimumVisualStudioVersion = 15.0.26124.0
Project("{9A19103F-16F7-4668-BE54-9A1E7A4F7556}") = "Domain", "Domain\Domain.csproj", "{E3663A28-C7FE-4B23-A630-211CD33CBB35}"
EndProject
Project("{9A19103F-16F7-4668-BE54-9A1E7A4F7556}") = "Application", "Application\Application.csproj", "{779A45D9-2703-4BCD-B573-7E5CF882F617}"
EndProject
Project("{9A19103F-16F7-4668-BE54-9A1E7A4F7556}") = "Persistence", "Persistence\Persistence.csproj", "{ECC170C3-7920-497C-810E-3C0369918D3A}"
EndProject
Project("{9A19103F-16F7-4668-BE54-9A1E7A4F7556}") = "API", "Api\API.csproj", "{55057BD8-47B2-4E64-A81C-94220C4E0BDF}"
	ProjectSection(ProjectDependencies) = postProject
		{62305723-B654-4A50-8FB7-92426D27DFD6} = {62305723-B654-4A50-8FB7-92426D27DFD6}
	EndProjectSection
EndProject
Project("{FAE04EC0-301F-11D3-BF4B-00C04F79EFBC}") = "Infrastracture", "Infrastracture\Infrastracture.csproj", "{62305723-B654-4A50-8FB7-92426D27DFD6}"
	ProjectSection(ProjectDependencies) = postProject
		{779A45D9-2703-4BCD-B573-7E5CF882F617} = {779A45D9-2703-4BCD-B573-7E5CF882F617}
	EndProjectSection
EndProject
Global
	GlobalSection(SolutionConfigurationPlatforms) = preSolution
		Debug|Any CPU = Debug|Any CPU
		Debug|x64 = Debug|x64
		Debug|x86 = Debug|x86
		Release|Any CPU = Release|Any CPU
		Release|x64 = Release|x64
		Release|x86 = Release|x86
	EndGlobalSection
	GlobalSection(ProjectConfigurationPlatforms) = postSolution
		{E3663A28-C7FE-4B23-A630-211CD33CBB35}.Debug|Any CPU.ActiveCfg = Debug|Any CPU
		{E3663A28-C7FE-4B23-A630-211CD33CBB35}.Debug|Any CPU.Build.0 = Debug|Any CPU
		{E3663A28-C7FE-4B23-A630-211CD33CBB35}.Debug|x64.ActiveCfg = Debug|Any CPU
		{E3663A28-C7FE-4B23-A630-211CD33CBB35}.Debug|x64.Build.0 = Debug|Any CPU
		{E3663A28-C7FE-4B23-A630-211CD33CBB35}.Debug|x86.ActiveCfg = Debug|Any CPU
		{E3663A28-C7FE-4B23-A630-211CD33CBB35}.Debug|x86.Build.0 = Debug|Any CPU
		{E3663A28-C7FE-4B23-A630-211CD33CBB35}.Release|Any CPU.ActiveCfg = Release|Any CPU
		{E3663A28-C7FE-4B23-A630-211CD33CBB35}.Release|Any CPU.Build.0 = Release|Any CPU
		{E3663A28-C7FE-4B23-A630-211CD33CBB35}.Release|x64.ActiveCfg = Release|Any CPU
		{E3663A28-C7FE-4B23-A630-211CD33CBB35}.Release|x64.Build.0 = Release|Any CPU
		{E3663A28-C7FE-4B23-A630-211CD33CBB35}.Release|x86.ActiveCfg = Release|Any CPU
		{E3663A28-C7FE-4B23-A630-211CD33CBB35}.Release|x86.Build.0 = Release|Any CPU
		{779A45D9-2703-4BCD-B573-7E5CF882F617}.Debug|Any CPU.ActiveCfg = Debug|Any CPU
		{779A45D9-2703-4BCD-B573-7E5CF882F617}.Debug|Any CPU.Build.0 = Debug|Any CPU
		{779A45D9-2703-4BCD-B573-7E5CF882F617}.Debug|x64.ActiveCfg = Debug|Any CPU
		{779A45D9-2703-4BCD-B573-7E5CF882F617}.Debug|x64.Build.0 = Debug|Any CPU
		{779A45D9-2703-4BCD-B573-7E5CF882F617}.Debug|x86.ActiveCfg = Debug|Any CPU
		{779A45D9-2703-4BCD-B573-7E5CF882F617}.Debug|x86.Build.0 = Debug|Any CPU
		{779A45D9-2703-4BCD-B573-7E5CF882F617}.Release|Any CPU.ActiveCfg = Release|Any CPU
		{779A45D9-2703-4BCD-B573-7E5CF882F617}.Release|Any CPU.Build.0 = Release|Any CPU
		{779A45D9-2703-4BCD-B573-7E5CF882F617}.Release|x64.ActiveCfg = Release|Any CPU
		{779A45D9-2703-4BCD-B573-7E5CF882F617}.Release|x64.Build.0 = Release|Any CPU
		{779A45D9-2703-4BCD-B573-7E5CF882F617}.Release|x86.ActiveCfg = Release|Any CPU
		{779A45D9-2703-4BCD-B573-7E5CF882F617}.Release|x86.Build.0 = Release|Any CPU
		{ECC170C3-7920-497C-810E-3C0369918D3A}.Debug|Any CPU.ActiveCfg = Debug|Any CPU
		{ECC170C3-7920-497C-810E-3C0369918D3A}.Debug|Any CPU.Build.0 = Debug|Any CPU
		{ECC170C3-7920-497C-810E-3C0369918D3A}.Debug|x64.ActiveCfg = Debug|Any CPU
		{ECC170C3-7920-497C-810E-3C0369918D3A}.Debug|x64.Build.0 = Debug|Any CPU
		{ECC170C3-7920-497C-810E-3C0369918D3A}.Debug|x86.ActiveCfg = Debug|Any CPU
		{ECC170C3-7920-497C-810E-3C0369918D3A}.Debug|x86.Build.0 = Debug|Any CPU
		{ECC170C3-7920-497C-810E-3C0369918D3A}.Release|Any CPU.ActiveCfg = Release|Any CPU
		{ECC170C3-7920-497C-810E-3C0369918D3A}.Release|Any CPU.Build.0 = Release|Any CPU
		{ECC170C3-7920-497C-810E-3C0369918D3A}.Release|x64.ActiveCfg = Release|Any CPU
		{ECC170C3-7920-497C-810E-3C0369918D3A}.Release|x64.Build.0 = Release|Any CPU
		{ECC170C3-7920-497C-810E-3C0369918D3A}.Release|x86.ActiveCfg = Release|Any CPU
		{ECC170C3-7920-497C-810E-3C0369918D3A}.Release|x86.Build.0 = Release|Any CPU
		{55057BD8-47B2-4E64-A81C-94220C4E0BDF}.Debug|Any CPU.ActiveCfg = Debug|Any CPU
		{55057BD8-47B2-4E64-A81C-94220C4E0BDF}.Debug|Any CPU.Build.0 = Debug|Any CPU
		{55057BD8-47B2-4E64-A81C-94220C4E0BDF}.Debug|x64.ActiveCfg = Debug|Any CPU
		{55057BD8-47B2-4E64-A81C-94220C4E0BDF}.Debug|x64.Build.0 = Debug|Any CPU
		{55057BD8-47B2-4E64-A81C-94220C4E0BDF}.Debug|x86.ActiveCfg = Debug|Any CPU
		{55057BD8-47B2-4E64-A81C-94220C4E0BDF}.Debug|x86.Build.0 = Debug|Any CPU
		{55057BD8-47B2-4E64-A81C-94220C4E0BDF}.Release|Any CPU.ActiveCfg = Release|Any CPU
		{55057BD8-47B2-4E64-A81C-94220C4E0BDF}.Release|Any CPU.Build.0 = Release|Any CPU
		{55057BD8-47B2-4E64-A81C-94220C4E0BDF}.Release|x64.ActiveCfg = Release|Any CPU
		{55057BD8-47B2-4E64-A81C-94220C4E0BDF}.Release|x64.Build.0 = Release|Any CPU
		{55057BD8-47B2-4E64-A81C-94220C4E0BDF}.Release|x86.ActiveCfg = Release|Any CPU
		{55057BD8-47B2-4E64-A81C-94220C4E0BDF}.Release|x86.Build.0 = Release|Any CPU
		{62305723-B654-4A50-8FB7-92426D27DFD6}.Debug|Any CPU.ActiveCfg = Debug|Any CPU
		{62305723-B654-4A50-8FB7-92426D27DFD6}.Debug|Any CPU.Build.0 = Debug|Any CPU
		{62305723-B654-4A50-8FB7-92426D27DFD6}.Debug|x64.ActiveCfg = Debug|Any CPU
		{62305723-B654-4A50-8FB7-92426D27DFD6}.Debug|x64.Build.0 = Debug|Any CPU
		{62305723-B654-4A50-8FB7-92426D27DFD6}.Debug|x86.ActiveCfg = Debug|Any CPU
		{62305723-B654-4A50-8FB7-92426D27DFD6}.Debug|x86.Build.0 = Debug|Any CPU
		{62305723-B654-4A50-8FB7-92426D27DFD6}.Release|Any CPU.ActiveCfg = Release|Any CPU
		{62305723-B654-4A50-8FB7-92426D27DFD6}.Release|Any CPU.Build.0 = Release|Any CPU
		{62305723-B654-4A50-8FB7-92426D27DFD6}.Release|x64.ActiveCfg = Release|Any CPU
		{62305723-B654-4A50-8FB7-92426D27DFD6}.Release|x64.Build.0 = Release|Any CPU
		{62305723-B654-4A50-8FB7-92426D27DFD6}.Release|x86.ActiveCfg = Release|Any CPU
		{62305723-B654-4A50-8FB7-92426D27DFD6}.Release|x86.Build.0 = Release|Any CPU
	EndGlobalSection
	GlobalSection(SolutionProperties) = preSolution
		HideSolutionNode = FALSE
	EndGlobalSection
	GlobalSection(ExtensibilityGlobals) = postSolution
		SolutionGuid = {D8E3812E-9019-402B-B74B-3A209B614022}
	EndGlobalSection
EndGlobal
